{
  "lockfile_version": "1",
  "packages": {
    "github:NixOS/nixpkgs/nixpkgs-unstable": {
      "last_modified": "2025-08-15T14:26:43Z",
      "resolved": "github:NixOS/nixpkgs/32f313e49e42f715491e1ea7b306a87c16fe0388?lastModified=1755268003&narHash=sha256-nNaeJjo861wFR0tjHDyCnHs1rbRtrMgxAKMoig9Sj%2Fw%3D"
    },
    "hugo@latest": {
      "last_modified": "2025-07-28T17:09:23Z",
      "resolved": "github:NixOS/nixpkgs/648f70160c03151bc2121d179291337ad6bc564b#hugo",
      "source": "devbox-search",
      "version": "0.148.2",
      "systems": {
        "aarch64-darwin": {
          "outputs": [
            {
              "name": "out",
              "path": "/nix/store/9yj3fphpkjkkhhr8pfxk5r6ws41n17qy-hugo-0.148.2",
              "default": true
            }
          ],
          "store_path": "/nix/store/9yj3fphpkjkkhhr8pfxk5r6ws41n17qy-hugo-0.148.2"
        },
        "aarch64-linux": {
          "outputs": [
            {
              "name": "out",
              "path": "/nix/store/zg314jwfh6q428ymnl57nv7jqyyaq1qz-hugo-0.148.2",
              "default": true
            }
          ],
          "store_path": "/nix/store/zg314jwfh6q428ymnl57nv7jqyyaq1qz-hugo-0.148.2"
        },
        "x86_64-darwin": {
          "outputs": [
            {
              "name": "out",
              "path": "/nix/store/wyhy996fyn61b1cgbl5b7xpha74kxzcq-hugo-0.148.2",
              "default": true
            }
          ],
          "store_path": "/nix/store/wyhy996fyn61b1cgbl5b7xpha74kxzcq-hugo-0.148.2"
        },
        "x86_64-linux": {
          "outputs": [
            {
              "name": "out",
              "path": "/nix/store/ji15a88bnlzhpkinvbmbb9vnkhmmx3m2-hugo-0.148.2",
              "default": true
            }
          ],
          "store_path": "/nix/store/ji15a88bnlzhpkinvbmbb9vnkhmmx3m2-hugo-0.148.2"
        }
      }
    },
    "just@latest": {
      "last_modified": "2025-07-28T17:09:23Z",
      "resolved": "github:NixOS/nixpkgs/648f70160c03151bc2121d179291337ad6bc564b#just",
      "source": "devbox-search",
      "version": "1.42.4",
      "systems": {
        "aarch64-darwin": {
          "outputs": [
            {
              "name": "out",
              "path": "/nix/store/rfqsf7a8dym7bxd8bjfhndnmx7gvbgph-just-1.42.4",
              "default": true
            },
            {
              "name": "man",
              "path": "/nix/store/gih21nbjpx4ip4d4l2h0g3hi6664k147-just-1.42.4-man",
              "default": true
            },
            {
              "name": "doc",
              "path": "/nix/store/pq9fksdkn6sbq3lli4z5y37085d5l43d-just-1.42.4-doc"
            }
          ],
          "store_path": "/nix/store/rfqsf7a8dym7bxd8bjfhndnmx7gvbgph-just-1.42.4"
        },
        "aarch64-linux": {
          "outputs": [
            {
              "name": "out",
              "path": "/nix/store/8xcqlacbwjfz518ca5hgjrf8208wjp8g-just-1.42.4",
              "default": true
            },
            {
              "name": "man",
              "path": "/nix/store/83901a2c4v4cgv1b2kx7l6m9wd174sp8-just-1.42.4-man",
              "default": true
            },
            {
              "name": "doc",
              "path": "/nix/store/z7vj1b56v3z7i64r20aa8y61ayqppqfp-just-1.42.4-doc"
            }
          ],
          "store_path": "/nix/store/8xcqlacbwjfz518ca5hgjrf8208wjp8g-just-1.42.4"
        },
        "x86_64-darwin": {
          "outputs": [
            {
              "name": "out",
              "path": "/nix/store/xv86najr5k1r4fvg6yf8ha3m8b6bhdbj-just-1.42.4",
              "default": true
            },
            {
              "name": "man",
              "path": "/nix/store/1xj03nldjkkhgkih64iyakgfdj6pxwrx-just-1.42.4-man",
              "default": true
            },
            {
              "name": "doc",
              "path": "/nix/store/cbqy754s1xm921iw2gg97pmg9q6n7nd5-just-1.42.4-doc"
            }
          ],
          "store_path": "/nix/store/xv86najr5k1r4fvg6yf8ha3m8b6bhdbj-just-1.42.4"
        },
        "x86_64-linux": {
          "outputs": [
            {
              "name": "out",
              "path": "/nix/store/wnbn0xb6mzzbl594d51hqqvch1lnzhpb-just-1.42.4",
              "default": true
            },
            {
              "name": "man",
              "path": "/nix/store/bhry505vmc1rfpnr9yn1486488nsbpsg-just-1.42.4-man",
              "default": true
            },
            {
              "name": "doc",
              "path": "/nix/store/h5p6n1hg051hjs02jwlvbndlmx73nj45-just-1.42.4-doc"
            }
          ],
          "store_path": "/nix/store/wnbn0xb6mzzbl594d51hqqvch1lnzhpb-just-1.42.4"
        }
      }
    }
  }
}
